
Microsoft Visual Studio Solution File, Format Version 12.00
# Visual Studio 15
VisualStudioVersion = 15.0.28307.489
MinimumVisualStudioVersion = 10.0.40219.1
Project("{FAE04EC0-301F-11D3-BF4B-00C04F79EFBC}") = "BoseSoundTouchControlPanel", "BoseSoundTouchControlPanel\BoseSoundTouchControlPanel.csproj", "{EE009909-5610-433D-902C-AEF6960526DE}"
EndProject
Global
	GlobalSection(SolutionConfigurationPlatforms) = preSolution
		Debug|Any CPU = Debug|Any CPU
		Release|Any CPU = Release|Any CPU
	EndGlobalSection
	GlobalSection(ProjectConfigurationPlatforms) = postSolution
		{EE009909-5610-433D-902C-AEF6960526DE}.Debug|Any CPU.ActiveCfg = Debug|Any CPU
		{EE009909-5610-433D-902C-AEF6960526DE}.Debug|Any CPU.Build.0 = Debug|Any CPU
		{EE009909-5610-433D-902C-AEF6960526DE}.Release|Any CPU.ActiveCfg = Release|Any CPU
		{EE009909-5610-433D-902C-AEF6960526DE}.Release|Any CPU.Build.0 = Release|Any CPU
	EndGlobalSection
	GlobalSection(SolutionProperties) = preSolution
		HideSolutionNode = FALSE
	EndGlobalSection
	GlobalSection(ExtensibilityGlobals) = postSolution
		SolutionGuid = {10143DE4-32E5-42C7-B99D-478C3A78FAEC}
	EndGlobalSection
EndGlobal
